
Microsoft Visual Studio Solution File, Format Version 12.00
# Visual Studio Version 17
VisualStudioVersion = 17.6.33815.320
MinimumVisualStudioVersion = 10.0.40219.1
Project("{FAE04EC0-301F-11D3-BF4B-00C04F79EFBC}") = "assign20", "assign20.csproj", "{FD0ABF66-2674-4FFD-A5B8-202ADE13D094}"
EndProject
Global
	GlobalSection(SolutionConfigurationPlatforms) = preSolution
		Debug|Any CPU = Debug|Any CPU
		Release|Any CPU = Release|Any CPU
	EndGlobalSection
	GlobalSection(ProjectConfigurationPlatforms) = postSolution
		{FD0ABF66-2674-4FFD-A5B8-202ADE13D094}.Debug|Any CPU.ActiveCfg = Debug|Any CPU
		{FD0ABF66-2674-4FFD-A5B8-202ADE13D094}.Debug|Any CPU.Build.0 = Debug|Any CPU
		{FD0ABF66-2674-4FFD-A5B8-202ADE13D094}.Release|Any CPU.ActiveCfg = Release|Any CPU
		{FD0ABF66-2674-4FFD-A5B8-202ADE13D094}.Release|Any CPU.Build.0 = Release|Any CPU
	EndGlobalSection
	GlobalSection(SolutionProperties) = preSolution
		HideSolutionNode = FALSE
	EndGlobalSection
	GlobalSection(ExtensibilityGlobals) = postSolution
		SolutionGuid = {8FBA60D7-9F23-4FEF-A1A4-E8A61007C3F6}
	EndGlobalSection
EndGlobal
